
Microsoft Visual Studio Solution File, Format Version 12.00
# Visual Studio 15
Project("{FAE04EC0-301F-11D3-BF4B-00C04F79EFBC}") = "UnityEngine.TestRunner", "UnityEngine.TestRunner.csproj", "{FD428FD5-94DB-56D9-F5BF-47A811BDBE4F}"
EndProject
Project("{FAE04EC0-301F-11D3-BF4B-00C04F79EFBC}") = "Unity.Mathematics", "Unity.Mathematics.csproj", "{47F9652B-DD3B-42AD-4223-2654FB1EDBED}"
EndProject
Project("{FAE04EC0-301F-11D3-BF4B-00C04F79EFBC}") = "Unity.2D.Animation.Triangle.Runtime", "Unity.2D.Animation.Triangle.Runtime.csproj", "{C96834DE-663C-B46B-41D5-2E5535669C11}"
EndProject
Project("{FAE04EC0-301F-11D3-BF4B-00C04F79EFBC}") = "Unity.Timeline", "Unity.Timeline.csproj", "{63F52939-11C5-7123-0D62-AD7E1DB9E87C}"
EndProject
Project("{FAE04EC0-301F-11D3-BF4B-00C04F79EFBC}") = "UnityEngine.UI", "UnityEngine.UI.csproj", "{4054974E-96AC-141D-7A95-43D0C6F67DF5}"
EndProject
Project("{FAE04EC0-301F-11D3-BF4B-00C04F79EFBC}") = "Unity.TextMeshPro", "Unity.TextMeshPro.csproj", "{E44B438A-34D4-554B-583E-69EA852928F1}"
EndProject
Project("{FAE04EC0-301F-11D3-BF4B-00C04F79EFBC}") = "Unity.2D.Animation.Runtime", "Unity.2D.Animation.Runtime.csproj", "{004B0B71-B7EB-156F-6580-66E31C6DE878}"
EndProject
Project("{FAE04EC0-301F-11D3-BF4B-00C04F79EFBC}") = "Unity.2D.IK.Runtime", "Unity.2D.IK.Runtime.csproj", "{06C51B43-4D96-B018-DE46-B65440563FCE}"
EndProject
Project("{FAE04EC0-301F-11D3-BF4B-00C04F79EFBC}") = "Unity.2D.SpriteShape.Runtime", "Unity.2D.SpriteShape.Runtime.csproj", "{1D7B8936-E13E-219E-F8D9-2575A656B41D}"
EndProject
Project("{FAE04EC0-301F-11D3-BF4B-00C04F79EFBC}") = "Assembly-CSharp", "Assembly-CSharp.csproj", "{855D5B9C-E7C7-7E88-33C0-F501A327C567}"
EndProject
Project("{FAE04EC0-301F-11D3-BF4B-00C04F79EFBC}") = "Unity.2D.PixelPerfect", "Unity.2D.PixelPerfect.csproj", "{B4E78A69-455C-0D71-D33E-80EF4FC331F4}"
EndProject
Project("{FAE04EC0-301F-11D3-BF4B-00C04F79EFBC}") = "Unity.2D.Common.Runtime", "Unity.2D.Common.Runtime.csproj", "{E36387CD-01CA-68F0-06D0-F63A6F41891E}"
EndProject
Project("{FAE04EC0-301F-11D3-BF4B-00C04F79EFBC}") = "Unity.InternalAPIEngineBridge.001", "Unity.InternalAPIEngineBridge.001.csproj", "{D91492CF-2740-730F-9345-454AA39BE09A}"
EndProject
Project("{FAE04EC0-301F-11D3-BF4B-00C04F79EFBC}") = "AstarPathfindingProject", "AstarPathfindingProject.csproj", "{AF1DBAB3-13A7-BB8D-6A05-4FB39451B36F}"
EndProject
Project("{FAE04EC0-301F-11D3-BF4B-00C04F79EFBC}") = "UnityEditor.TestRunner", "UnityEditor.TestRunner.csproj", "{08E70238-8B05-B677-1249-C6E0F0C98A57}"
EndProject
Project("{FAE04EC0-301F-11D3-BF4B-00C04F79EFBC}") = "Unity.PlasticSCM.Editor", "Unity.PlasticSCM.Editor.csproj", "{438286D9-1BB8-C411-DE4D-D53C1C152C44}"
EndProject
Project("{FAE04EC0-301F-11D3-BF4B-00C04F79EFBC}") = "UnityEditor.UI", "UnityEditor.UI.csproj", "{F7801C6C-BD16-5F4C-2487-AE9222189E59}"
EndProject
Project("{FAE04EC0-301F-11D3-BF4B-00C04F79EFBC}") = "Unity.Services.Core.Editor", "Unity.Services.Core.Editor.csproj", "{B8AAC741-9966-820B-BBAB-E51DA1F2FCB0}"
EndProject
Project("{FAE04EC0-301F-11D3-BF4B-00C04F79EFBC}") = "Unity.Timeline.Editor", "Unity.Timeline.Editor.csproj", "{3F8E618F-ADA6-B096-BC70-437EE9893BA1}"
EndProject
Project("{FAE04EC0-301F-11D3-BF4B-00C04F79EFBC}") = "Unity.VisualStudio.Editor", "Unity.VisualStudio.Editor.csproj", "{C4399EDD-7FA0-4BD0-C55F-7E79EA1D5D12}"
EndProject
Project("{FAE04EC0-301F-11D3-BF4B-00C04F79EFBC}") = "Unity.2D.Psdimporter.Editor", "Unity.2D.Psdimporter.Editor.csproj", "{8629E976-93C7-96A3-495A-2510E30CEE5F}"
EndProject
Project("{FAE04EC0-301F-11D3-BF4B-00C04F79EFBC}") = "Unity.2D.Animation.Editor", "Unity.2D.Animation.Editor.csproj", "{58EB807E-9D81-2D41-E419-50BDA6C64C4F}"
EndProject
Project("{FAE04EC0-301F-11D3-BF4B-00C04F79EFBC}") = "Unity.TextMeshPro.Editor", "Unity.TextMeshPro.Editor.csproj", "{2F764083-79E7-3AF4-2D8D-4D1DD9BB14DF}"
EndProject
Project("{FAE04EC0-301F-11D3-BF4B-00C04F79EFBC}") = "Unity.2D.SpriteShape.Editor", "Unity.2D.SpriteShape.Editor.csproj", "{72B75F71-A286-6082-8368-76A38E843AB1}"
EndProject
Project("{FAE04EC0-301F-11D3-BF4B-00C04F79EFBC}") = "Unity.CollabProxy.Editor", "Unity.CollabProxy.Editor.csproj", "{07D47B30-0AD3-EA46-00D9-B70672B91F13}"
EndProject
Project("{FAE04EC0-301F-11D3-BF4B-00C04F79EFBC}") = "PsdPlugin", "PsdPlugin.csproj", "{CDDE0CFD-CD36-D622-1C93-B9F8BA9C23B3}"
EndProject
Project("{FAE04EC0-301F-11D3-BF4B-00C04F79EFBC}") = "Unity.2D.Path.Editor", "Unity.2D.Path.Editor.csproj", "{F00F3FDD-D738-2D98-DE7B-ECEF9EF1A5C8}"
EndProject
Project("{FAE04EC0-301F-11D3-BF4B-00C04F79EFBC}") = "Unity.Rider.Editor", "Unity.Rider.Editor.csproj", "{91F6EFB6-2B90-C110-58E3-4A6D04C04295}"
EndProject
Project("{FAE04EC0-301F-11D3-BF4B-00C04F79EFBC}") = "Unity.2D.IK.Editor", "Unity.2D.IK.Editor.csproj", "{9653F30B-225B-630A-3398-8F25F8491D54}"
EndProject
Project("{FAE04EC0-301F-11D3-BF4B-00C04F79EFBC}") = "Unity.2D.Sprite.Editor", "Unity.2D.Sprite.Editor.csproj", "{7BB4A463-462B-336D-8D39-0DA290261975}"
EndProject
Project("{FAE04EC0-301F-11D3-BF4B-00C04F79EFBC}") = "Unity.2D.Tilemap.Editor", "Unity.2D.Tilemap.Editor.csproj", "{7F42E49F-0663-38E0-B8CC-2F8EE8295599}"
EndProject
Project("{FAE04EC0-301F-11D3-BF4B-00C04F79EFBC}") = "Unity.2D.PixelPerfect.Editor", "Unity.2D.PixelPerfect.Editor.csproj", "{ADB6A130-56D5-1134-265B-FD32EEAC2050}"
EndProject
Project("{FAE04EC0-301F-11D3-BF4B-00C04F79EFBC}") = "Unity.VSCode.Editor", "Unity.VSCode.Editor.csproj", "{2000E6D2-90C4-F7E0-D969-CD839E6AD20F}"
EndProject
Project("{FAE04EC0-301F-11D3-BF4B-00C04F79EFBC}") = "Unity.2D.Common.Editor", "Unity.2D.Common.Editor.csproj", "{5AEDAF61-A53F-BEAE-F50B-E9D54440E330}"
EndProject
Project("{FAE04EC0-301F-11D3-BF4B-00C04F79EFBC}") = "Unity.Mathematics.Editor", "Unity.Mathematics.Editor.csproj", "{154D6198-942C-257B-8256-58529BB851F2}"
EndProject
Project("{FAE04EC0-301F-11D3-BF4B-00C04F79EFBC}") = "Unity.InternalAPIEditorBridge.001", "Unity.InternalAPIEditorBridge.001.csproj", "{3784B5C8-5C7A-F7C9-0613-CB565D8D53A0}"
EndProject
Project("{FAE04EC0-301F-11D3-BF4B-00C04F79EFBC}") = "AstarPathfindingProjectEditor", "AstarPathfindingProjectEditor.csproj", "{F13202C9-5B4C-A5B9-2362-C8867ADCBD9B}"
EndProject
Project("{FAE04EC0-301F-11D3-BF4B-00C04F79EFBC}") = "PackageToolsEditor", "PackageToolsEditor.csproj", "{55A0CCD1-06B5-BF1C-91B3-0D4F711AA0D2}"
EndProject
Project("{FAE04EC0-301F-11D3-BF4B-00C04F79EFBC}") = "UnityEngine.TestRunner", "UnityEngine.TestRunner.Player.csproj", "{2F8B5C6E-D5F4-1D7D-7134-CBDA1A0F5EE7}"
EndProject
Project("{FAE04EC0-301F-11D3-BF4B-00C04F79EFBC}") = "Unity.Mathematics", "Unity.Mathematics.Player.csproj", "{48A64F2B-2828-F20F-BD38-A3CB58F33FBB}"
EndProject
Project("{FAE04EC0-301F-11D3-BF4B-00C04F79EFBC}") = "Unity.2D.Animation.Triangle.Runtime", "Unity.2D.Animation.Triangle.Runtime.Player.csproj", "{BEC1B075-493F-9481-8F26-340AD63C87C7}"
EndProject
Project("{FAE04EC0-301F-11D3-BF4B-00C04F79EFBC}") = "Unity.Timeline", "Unity.Timeline.Player.csproj", "{7F0D6BAB-1FD8-8C74-776E-BD994C771F83}"
EndProject
Project("{FAE04EC0-301F-11D3-BF4B-00C04F79EFBC}") = "UnityEngine.UI", "UnityEngine.UI.Player.csproj", "{8315FB32-9C61-4ADB-67EE-4CFC57B453A7}"
EndProject
Project("{FAE04EC0-301F-11D3-BF4B-00C04F79EFBC}") = "Unity.TextMeshPro", "Unity.TextMeshPro.Player.csproj", "{7DBE55A7-A1D2-9513-0170-651BAE000EED}"
EndProject
Project("{FAE04EC0-301F-11D3-BF4B-00C04F79EFBC}") = "Unity.2D.Animation.Runtime", "Unity.2D.Animation.Runtime.Player.csproj", "{AB2992D3-03FC-A810-F77B-3EA580E630E9}"
EndProject
Project("{FAE04EC0-301F-11D3-BF4B-00C04F79EFBC}") = "Unity.2D.IK.Runtime", "Unity.2D.IK.Runtime.Player.csproj", "{5387045A-68C6-F0C7-8BF0-279C63B6487D}"
EndProject
Project("{FAE04EC0-301F-11D3-BF4B-00C04F79EFBC}") = "Unity.2D.SpriteShape.Runtime", "Unity.2D.SpriteShape.Runtime.Player.csproj", "{BF12EAF1-4144-6185-F398-58C573DFF7A9}"
EndProject
Project("{FAE04EC0-301F-11D3-BF4B-00C04F79EFBC}") = "Assembly-CSharp", "Assembly-CSharp.Player.csproj", "{741AB041-F696-0CA3-6F8E-15C827C11EC1}"
EndProject
Project("{FAE04EC0-301F-11D3-BF4B-00C04F79EFBC}") = "Unity.2D.PixelPerfect", "Unity.2D.PixelPerfect.Player.csproj", "{F5287241-68E5-12B7-09FC-FA6F25BAB118}"
EndProject
Project("{FAE04EC0-301F-11D3-BF4B-00C04F79EFBC}") = "Unity.2D.Common.Runtime", "Unity.2D.Common.Runtime.Player.csproj", "{11CB654D-B884-B0F1-EB21-C0BCA51CF16D}"
EndProject
Project("{FAE04EC0-301F-11D3-BF4B-00C04F79EFBC}") = "Unity.InternalAPIEngineBridge.001", "Unity.InternalAPIEngineBridge.001.Player.csproj", "{6A72F97A-5838-EF09-EDFB-98E0220F681F}"
EndProject
Project("{FAE04EC0-301F-11D3-BF4B-00C04F79EFBC}") = "AstarPathfindingProject", "AstarPathfindingProject.Player.csproj", "{B2240FBF-B915-0843-C86D-F5BD25856B09}"
EndProject
Global
	GlobalSection(SolutionConfigurationPlatforms) = preSolution
		Debug|Any CPU = Debug|Any CPU
		Release|Any CPU = Release|Any CPU
	EndGlobalSection
	GlobalSection(ProjectConfigurationPlatforms) = postSolution
		{FD428FD5-94DB-56D9-F5BF-47A811BDBE4F}.Debug|Any CPU.ActiveCfg = Debug|Any CPU
		{FD428FD5-94DB-56D9-F5BF-47A811BDBE4F}.Debug|Any CPU.Build.0 = Debug|Any CPU
		{FD428FD5-94DB-56D9-F5BF-47A811BDBE4F}.Release|Any CPU.ActiveCfg = Release|Any CPU
		{FD428FD5-94DB-56D9-F5BF-47A811BDBE4F}.Release|Any CPU.Build.0 = Release|Any CPU
		{47F9652B-DD3B-42AD-4223-2654FB1EDBED}.Debug|Any CPU.ActiveCfg = Debug|Any CPU
		{47F9652B-DD3B-42AD-4223-2654FB1EDBED}.Debug|Any CPU.Build.0 = Debug|Any CPU
		{47F9652B-DD3B-42AD-4223-2654FB1EDBED}.Release|Any CPU.ActiveCfg = Release|Any CPU
		{47F9652B-DD3B-42AD-4223-2654FB1EDBED}.Release|Any CPU.Build.0 = Release|Any CPU
		{C96834DE-663C-B46B-41D5-2E5535669C11}.Debug|Any CPU.ActiveCfg = Debug|Any CPU
		{C96834DE-663C-B46B-41D5-2E5535669C11}.Debug|Any CPU.Build.0 = Debug|Any CPU
		{C96834DE-663C-B46B-41D5-2E5535669C11}.Release|Any CPU.ActiveCfg = Release|Any CPU
		{C96834DE-663C-B46B-41D5-2E5535669C11}.Release|Any CPU.Build.0 = Release|Any CPU
		{63F52939-11C5-7123-0D62-AD7E1DB9E87C}.Debug|Any CPU.ActiveCfg = Debug|Any CPU
		{63F52939-11C5-7123-0D62-AD7E1DB9E87C}.Debug|Any CPU.Build.0 = Debug|Any CPU
		{63F52939-11C5-7123-0D62-AD7E1DB9E87C}.Release|Any CPU.ActiveCfg = Release|Any CPU
		{63F52939-11C5-7123-0D62-AD7E1DB9E87C}.Release|Any CPU.Build.0 = Release|Any CPU
		{4054974E-96AC-141D-7A95-43D0C6F67DF5}.Debug|Any CPU.ActiveCfg = Debug|Any CPU
		{4054974E-96AC-141D-7A95-43D0C6F67DF5}.Debug|Any CPU.Build.0 = Debug|Any CPU
		{4054974E-96AC-141D-7A95-43D0C6F67DF5}.Release|Any CPU.ActiveCfg = Release|Any CPU
		{4054974E-96AC-141D-7A95-43D0C6F67DF5}.Release|Any CPU.Build.0 = Release|Any CPU
		{E44B438A-34D4-554B-583E-69EA852928F1}.Debug|Any CPU.ActiveCfg = Debug|Any CPU
		{E44B438A-34D4-554B-583E-69EA852928F1}.Debug|Any CPU.Build.0 = Debug|Any CPU
		{E44B438A-34D4-554B-583E-69EA852928F1}.Release|Any CPU.ActiveCfg = Release|Any CPU
		{E44B438A-34D4-554B-583E-69EA852928F1}.Release|Any CPU.Build.0 = Release|Any CPU
		{004B0B71-B7EB-156F-6580-66E31C6DE878}.Debug|Any CPU.ActiveCfg = Debug|Any CPU
		{004B0B71-B7EB-156F-6580-66E31C6DE878}.Debug|Any CPU.Build.0 = Debug|Any CPU
		{004B0B71-B7EB-156F-6580-66E31C6DE878}.Release|Any CPU.ActiveCfg = Release|Any CPU
		{004B0B71-B7EB-156F-6580-66E31C6DE878}.Release|Any CPU.Build.0 = Release|Any CPU
		{06C51B43-4D96-B018-DE46-B65440563FCE}.Debug|Any CPU.ActiveCfg = Debug|Any CPU
		{06C51B43-4D96-B018-DE46-B65440563FCE}.Debug|Any CPU.Build.0 = Debug|Any CPU
		{06C51B43-4D96-B018-DE46-B65440563FCE}.Release|Any CPU.ActiveCfg = Release|Any CPU
		{06C51B43-4D96-B018-DE46-B65440563FCE}.Release|Any CPU.Build.0 = Release|Any CPU
		{1D7B8936-E13E-219E-F8D9-2575A656B41D}.Debug|Any CPU.ActiveCfg = Debug|Any CPU
		{1D7B8936-E13E-219E-F8D9-2575A656B41D}.Debug|Any CPU.Build.0 = Debug|Any CPU
		{1D7B8936-E13E-219E-F8D9-2575A656B41D}.Release|Any CPU.ActiveCfg = Release|Any CPU
		{1D7B8936-E13E-219E-F8D9-2575A656B41D}.Release|Any CPU.Build.0 = Release|Any CPU
		{855D5B9C-E7C7-7E88-33C0-F501A327C567}.Debug|Any CPU.ActiveCfg = Debug|Any CPU
		{855D5B9C-E7C7-7E88-33C0-F501A327C567}.Debug|Any CPU.Build.0 = Debug|Any CPU
		{855D5B9C-E7C7-7E88-33C0-F501A327C567}.Release|Any CPU.ActiveCfg = Release|Any CPU
		{855D5B9C-E7C7-7E88-33C0-F501A327C567}.Release|Any CPU.Build.0 = Release|Any CPU
		{B4E78A69-455C-0D71-D33E-80EF4FC331F4}.Debug|Any CPU.ActiveCfg = Debug|Any CPU
		{B4E78A69-455C-0D71-D33E-80EF4FC331F4}.Debug|Any CPU.Build.0 = Debug|Any CPU
		{B4E78A69-455C-0D71-D33E-80EF4FC331F4}.Release|Any CPU.ActiveCfg = Release|Any CPU
		{B4E78A69-455C-0D71-D33E-80EF4FC331F4}.Release|Any CPU.Build.0 = Release|Any CPU
		{E36387CD-01CA-68F0-06D0-F63A6F41891E}.Debug|Any CPU.ActiveCfg = Debug|Any CPU
		{E36387CD-01CA-68F0-06D0-F63A6F41891E}.Debug|Any CPU.Build.0 = Debug|Any CPU
		{E36387CD-01CA-68F0-06D0-F63A6F41891E}.Release|Any CPU.ActiveCfg = Release|Any CPU
		{E36387CD-01CA-68F0-06D0-F63A6F41891E}.Release|Any CPU.Build.0 = Release|Any CPU
		{D91492CF-2740-730F-9345-454AA39BE09A}.Debug|Any CPU.ActiveCfg = Debug|Any CPU
		{D91492CF-2740-730F-9345-454AA39BE09A}.Debug|Any CPU.Build.0 = Debug|Any CPU
		{D91492CF-2740-730F-9345-454AA39BE09A}.Release|Any CPU.ActiveCfg = Release|Any CPU
		{D91492CF-2740-730F-9345-454AA39BE09A}.Release|Any CPU.Build.0 = Release|Any CPU
		{AF1DBAB3-13A7-BB8D-6A05-4FB39451B36F}.Debug|Any CPU.ActiveCfg = Debug|Any CPU
		{AF1DBAB3-13A7-BB8D-6A05-4FB39451B36F}.Debug|Any CPU.Build.0 = Debug|Any CPU
		{AF1DBAB3-13A7-BB8D-6A05-4FB39451B36F}.Release|Any CPU.ActiveCfg = Release|Any CPU
		{AF1DBAB3-13A7-BB8D-6A05-4FB39451B36F}.Release|Any CPU.Build.0 = Release|Any CPU
		{08E70238-8B05-B677-1249-C6E0F0C98A57}.Debug|Any CPU.ActiveCfg = Debug|Any CPU
		{08E70238-8B05-B677-1249-C6E0F0C98A57}.Debug|Any CPU.Build.0 = Debug|Any CPU
		{08E70238-8B05-B677-1249-C6E0F0C98A57}.Release|Any CPU.ActiveCfg = Release|Any CPU
		{08E70238-8B05-B677-1249-C6E0F0C98A57}.Release|Any CPU.Build.0 = Release|Any CPU
		{438286D9-1BB8-C411-DE4D-D53C1C152C44}.Debug|Any CPU.ActiveCfg = Debug|Any CPU
		{438286D9-1BB8-C411-DE4D-D53C1C152C44}.Debug|Any CPU.Build.0 = Debug|Any CPU
		{438286D9-1BB8-C411-DE4D-D53C1C152C44}.Release|Any CPU.ActiveCfg = Release|Any CPU
		{438286D9-1BB8-C411-DE4D-D53C1C152C44}.Release|Any CPU.Build.0 = Release|Any CPU
		{F7801C6C-BD16-5F4C-2487-AE9222189E59}.Debug|Any CPU.ActiveCfg = Debug|Any CPU
		{F7801C6C-BD16-5F4C-2487-AE9222189E59}.Debug|Any CPU.Build.0 = Debug|Any CPU
		{F7801C6C-BD16-5F4C-2487-AE9222189E59}.Release|Any CPU.ActiveCfg = Release|Any CPU
		{F7801C6C-BD16-5F4C-2487-AE9222189E59}.Release|Any CPU.Build.0 = Release|Any CPU
		{B8AAC741-9966-820B-BBAB-E51DA1F2FCB0}.Debug|Any CPU.ActiveCfg = Debug|Any CPU
		{B8AAC741-9966-820B-BBAB-E51DA1F2FCB0}.Debug|Any CPU.Build.0 = Debug|Any CPU
		{B8AAC741-9966-820B-BBAB-E51DA1F2FCB0}.Release|Any CPU.ActiveCfg = Release|Any CPU
		{B8AAC741-9966-820B-BBAB-E51DA1F2FCB0}.Release|Any CPU.Build.0 = Release|Any CPU
		{3F8E618F-ADA6-B096-BC70-437EE9893BA1}.Debug|Any CPU.ActiveCfg = Debug|Any CPU
		{3F8E618F-ADA6-B096-BC70-437EE9893BA1}.Debug|Any CPU.Build.0 = Debug|Any CPU
		{3F8E618F-ADA6-B096-BC70-437EE9893BA1}.Release|Any CPU.ActiveCfg = Release|Any CPU
		{3F8E618F-ADA6-B096-BC70-437EE9893BA1}.Release|Any CPU.Build.0 = Release|Any CPU
		{C4399EDD-7FA0-4BD0-C55F-7E79EA1D5D12}.Debug|Any CPU.ActiveCfg = Debug|Any CPU
		{C4399EDD-7FA0-4BD0-C55F-7E79EA1D5D12}.Debug|Any CPU.Build.0 = Debug|Any CPU
		{C4399EDD-7FA0-4BD0-C55F-7E79EA1D5D12}.Release|Any CPU.ActiveCfg = Release|Any CPU
		{C4399EDD-7FA0-4BD0-C55F-7E79EA1D5D12}.Release|Any CPU.Build.0 = Release|Any CPU
		{8629E976-93C7-96A3-495A-2510E30CEE5F}.Debug|Any CPU.ActiveCfg = Debug|Any CPU
		{8629E976-93C7-96A3-495A-2510E30CEE5F}.Debug|Any CPU.Build.0 = Debug|Any CPU
		{8629E976-93C7-96A3-495A-2510E30CEE5F}.Release|Any CPU.ActiveCfg = Release|Any CPU
		{8629E976-93C7-96A3-495A-2510E30CEE5F}.Release|Any CPU.Build.0 = Release|Any CPU
		{58EB807E-9D81-2D41-E419-50BDA6C64C4F}.Debug|Any CPU.ActiveCfg = Debug|Any CPU
		{58EB807E-9D81-2D41-E419-50BDA6C64C4F}.Debug|Any CPU.Build.0 = Debug|Any CPU
		{58EB807E-9D81-2D41-E419-50BDA6C64C4F}.Release|Any CPU.ActiveCfg = Release|Any CPU
		{58EB807E-9D81-2D41-E419-50BDA6C64C4F}.Release|Any CPU.Build.0 = Release|Any CPU
		{2F764083-79E7-3AF4-2D8D-4D1DD9BB14DF}.Debug|Any CPU.ActiveCfg = Debug|Any CPU
		{2F764083-79E7-3AF4-2D8D-4D1DD9BB14DF}.Debug|Any CPU.Build.0 = Debug|Any CPU
		{2F764083-79E7-3AF4-2D8D-4D1DD9BB14DF}.Release|Any CPU.ActiveCfg = Release|Any CPU
		{2F764083-79E7-3AF4-2D8D-4D1DD9BB14DF}.Release|Any CPU.Build.0 = Release|Any CPU
		{72B75F71-A286-6082-8368-76A38E843AB1}.Debug|Any CPU.ActiveCfg = Debug|Any CPU
		{72B75F71-A286-6082-8368-76A38E843AB1}.Debug|Any CPU.Build.0 = Debug|Any CPU
		{72B75F71-A286-6082-8368-76A38E843AB1}.Release|Any CPU.ActiveCfg = Release|Any CPU
		{72B75F71-A286-6082-8368-76A38E843AB1}.Release|Any CPU.Build.0 = Release|Any CPU
		{07D47B30-0AD3-EA46-00D9-B70672B91F13}.Debug|Any CPU.ActiveCfg = Debug|Any CPU
		{07D47B30-0AD3-EA46-00D9-B70672B91F13}.Debug|Any CPU.Build.0 = Debug|Any CPU
		{07D47B30-0AD3-EA46-00D9-B70672B91F13}.Release|Any CPU.ActiveCfg = Release|Any CPU
		{07D47B30-0AD3-EA46-00D9-B70672B91F13}.Release|Any CPU.Build.0 = Release|Any CPU
		{CDDE0CFD-CD36-D622-1C93-B9F8BA9C23B3}.Debug|Any CPU.ActiveCfg = Debug|Any CPU
		{CDDE0CFD-CD36-D622-1C93-B9F8BA9C23B3}.Debug|Any CPU.Build.0 = Debug|Any CPU
		{CDDE0CFD-CD36-D622-1C93-B9F8BA9C23B3}.Release|Any CPU.ActiveCfg = Release|Any CPU
		{CDDE0CFD-CD36-D622-1C93-B9F8BA9C23B3}.Release|Any CPU.Build.0 = Release|Any CPU
		{F00F3FDD-D738-2D98-DE7B-ECEF9EF1A5C8}.Debug|Any CPU.ActiveCfg = Debug|Any CPU
		{F00F3FDD-D738-2D98-DE7B-ECEF9EF1A5C8}.Debug|Any CPU.Build.0 = Debug|Any CPU
		{F00F3FDD-D738-2D98-DE7B-ECEF9EF1A5C8}.Release|Any CPU.ActiveCfg = Release|Any CPU
		{F00F3FDD-D738-2D98-DE7B-ECEF9EF1A5C8}.Release|Any CPU.Build.0 = Release|Any CPU
		{91F6EFB6-2B90-C110-58E3-4A6D04C04295}.Debug|Any CPU.ActiveCfg = Debug|Any CPU
		{91F6EFB6-2B90-C110-58E3-4A6D04C04295}.Debug|Any CPU.Build.0 = Debug|Any CPU
		{91F6EFB6-2B90-C110-58E3-4A6D04C04295}.Release|Any CPU.ActiveCfg = Release|Any CPU
		{91F6EFB6-2B90-C110-58E3-4A6D04C04295}.Release|Any CPU.Build.0 = Release|Any CPU
		{9653F30B-225B-630A-3398-8F25F8491D54}.Debug|Any CPU.ActiveCfg = Debug|Any CPU
		{9653F30B-225B-630A-3398-8F25F8491D54}.Debug|Any CPU.Build.0 = Debug|Any CPU
		{9653F30B-225B-630A-3398-8F25F8491D54}.Release|Any CPU.ActiveCfg = Release|Any CPU
		{9653F30B-225B-630A-3398-8F25F8491D54}.Release|Any CPU.Build.0 = Release|Any CPU
		{7BB4A463-462B-336D-8D39-0DA290261975}.Debug|Any CPU.ActiveCfg = Debug|Any CPU
		{7BB4A463-462B-336D-8D39-0DA290261975}.Debug|Any CPU.Build.0 = Debug|Any CPU
		{7BB4A463-462B-336D-8D39-0DA290261975}.Release|Any CPU.ActiveCfg = Release|Any CPU
		{7BB4A463-462B-336D-8D39-0DA290261975}.Release|Any CPU.Build.0 = Release|Any CPU
		{7F42E49F-0663-38E0-B8CC-2F8EE8295599}.Debug|Any CPU.ActiveCfg = Debug|Any CPU
		{7F42E49F-0663-38E0-B8CC-2F8EE8295599}.Debug|Any CPU.Build.0 = Debug|Any CPU
		{7F42E49F-0663-38E0-B8CC-2F8EE8295599}.Release|Any CPU.ActiveCfg = Release|Any CPU
		{7F42E49F-0663-38E0-B8CC-2F8EE8295599}.Release|Any CPU.Build.0 = Release|Any CPU
		{ADB6A130-56D5-1134-265B-FD32EEAC2050}.Debug|Any CPU.ActiveCfg = Debug|Any CPU
		{ADB6A130-56D5-1134-265B-FD32EEAC2050}.Debug|Any CPU.Build.0 = Debug|Any CPU
		{ADB6A130-56D5-1134-265B-FD32EEAC2050}.Release|Any CPU.ActiveCfg = Release|Any CPU
		{ADB6A130-56D5-1134-265B-FD32EEAC2050}.Release|Any CPU.Build.0 = Release|Any CPU
		{2000E6D2-90C4-F7E0-D969-CD839E6AD20F}.Debug|Any CPU.ActiveCfg = Debug|Any CPU
		{2000E6D2-90C4-F7E0-D969-CD839E6AD20F}.Debug|Any CPU.Build.0 = Debug|Any CPU
		{2000E6D2-90C4-F7E0-D969-CD839E6AD20F}.Release|Any CPU.ActiveCfg = Release|Any CPU
		{2000E6D2-90C4-F7E0-D969-CD839E6AD20F}.Release|Any CPU.Build.0 = Release|Any CPU
		{5AEDAF61-A53F-BEAE-F50B-E9D54440E330}.Debug|Any CPU.ActiveCfg = Debug|Any CPU
		{5AEDAF61-A53F-BEAE-F50B-E9D54440E330}.Debug|Any CPU.Build.0 = Debug|Any CPU
		{5AEDAF61-A53F-BEAE-F50B-E9D54440E330}.Release|Any CPU.ActiveCfg = Release|Any CPU
		{5AEDAF61-A53F-BEAE-F50B-E9D54440E330}.Release|Any CPU.Build.0 = Release|Any CPU
		{154D6198-942C-257B-8256-58529BB851F2}.Debug|Any CPU.ActiveCfg = Debug|Any CPU
		{154D6198-942C-257B-8256-58529BB851F2}.Debug|Any CPU.Build.0 = Debug|Any CPU
		{154D6198-942C-257B-8256-58529BB851F2}.Release|Any CPU.ActiveCfg = Release|Any CPU
		{154D6198-942C-257B-8256-58529BB851F2}.Release|Any CPU.Build.0 = Release|Any CPU
		{3784B5C8-5C7A-F7C9-0613-CB565D8D53A0}.Debug|Any CPU.ActiveCfg = Debug|Any CPU
		{3784B5C8-5C7A-F7C9-0613-CB565D8D53A0}.Debug|Any CPU.Build.0 = Debug|Any CPU
		{3784B5C8-5C7A-F7C9-0613-CB565D8D53A0}.Release|Any CPU.ActiveCfg = Release|Any CPU
		{3784B5C8-5C7A-F7C9-0613-CB565D8D53A0}.Release|Any CPU.Build.0 = Release|Any CPU
		{F13202C9-5B4C-A5B9-2362-C8867ADCBD9B}.Debug|Any CPU.ActiveCfg = Debug|Any CPU
		{F13202C9-5B4C-A5B9-2362-C8867ADCBD9B}.Debug|Any CPU.Build.0 = Debug|Any CPU
		{F13202C9-5B4C-A5B9-2362-C8867ADCBD9B}.Release|Any CPU.ActiveCfg = Release|Any CPU
		{F13202C9-5B4C-A5B9-2362-C8867ADCBD9B}.Release|Any CPU.Build.0 = Release|Any CPU
		{55A0CCD1-06B5-BF1C-91B3-0D4F711AA0D2}.Debug|Any CPU.ActiveCfg = Debug|Any CPU
		{55A0CCD1-06B5-BF1C-91B3-0D4F711AA0D2}.Debug|Any CPU.Build.0 = Debug|Any CPU
		{55A0CCD1-06B5-BF1C-91B3-0D4F711AA0D2}.Release|Any CPU.ActiveCfg = Release|Any CPU
		{55A0CCD1-06B5-BF1C-91B3-0D4F711AA0D2}.Release|Any CPU.Build.0 = Release|Any CPU
		{2F8B5C6E-D5F4-1D7D-7134-CBDA1A0F5EE7}.Debug|Any CPU.ActiveCfg = Debug|Any CPU
		{2F8B5C6E-D5F4-1D7D-7134-CBDA1A0F5EE7}.Debug|Any CPU.Build.0 = Debug|Any CPU
		{2F8B5C6E-D5F4-1D7D-7134-CBDA1A0F5EE7}.Release|Any CPU.ActiveCfg = Release|Any CPU
		{2F8B5C6E-D5F4-1D7D-7134-CBDA1A0F5EE7}.Release|Any CPU.Build.0 = Release|Any CPU
		{48A64F2B-2828-F20F-BD38-A3CB58F33FBB}.Debug|Any CPU.ActiveCfg = Debug|Any CPU
		{48A64F2B-2828-F20F-BD38-A3CB58F33FBB}.Debug|Any CPU.Build.0 = Debug|Any CPU
		{48A64F2B-2828-F20F-BD38-A3CB58F33FBB}.Release|Any CPU.ActiveCfg = Release|Any CPU
		{48A64F2B-2828-F20F-BD38-A3CB58F33FBB}.Release|Any CPU.Build.0 = Release|Any CPU
		{BEC1B075-493F-9481-8F26-340AD63C87C7}.Debug|Any CPU.ActiveCfg = Debug|Any CPU
		{BEC1B075-493F-9481-8F26-340AD63C87C7}.Debug|Any CPU.Build.0 = Debug|Any CPU
		{BEC1B075-493F-9481-8F26-340AD63C87C7}.Release|Any CPU.ActiveCfg = Release|Any CPU
		{BEC1B075-493F-9481-8F26-340AD63C87C7}.Release|Any CPU.Build.0 = Release|Any CPU
		{7F0D6BAB-1FD8-8C74-776E-BD994C771F83}.Debug|Any CPU.ActiveCfg = Debug|Any CPU
		{7F0D6BAB-1FD8-8C74-776E-BD994C771F83}.Debug|Any CPU.Build.0 = Debug|Any CPU
		{7F0D6BAB-1FD8-8C74-776E-BD994C771F83}.Release|Any CPU.ActiveCfg = Release|Any CPU
		{7F0D6BAB-1FD8-8C74-776E-BD994C771F83}.Release|Any CPU.Build.0 = Release|Any CPU
		{8315FB32-9C61-4ADB-67EE-4CFC57B453A7}.Debug|Any CPU.ActiveCfg = Debug|Any CPU
		{8315FB32-9C61-4ADB-67EE-4CFC57B453A7}.Debug|Any CPU.Build.0 = Debug|Any CPU
		{8315FB32-9C61-4ADB-67EE-4CFC57B453A7}.Release|Any CPU.ActiveCfg = Release|Any CPU
		{8315FB32-9C61-4ADB-67EE-4CFC57B453A7}.Release|Any CPU.Build.0 = Release|Any CPU
		{7DBE55A7-A1D2-9513-0170-651BAE000EED}.Debug|Any CPU.ActiveCfg = Debug|Any CPU
		{7DBE55A7-A1D2-9513-0170-651BAE000EED}.Debug|Any CPU.Build.0 = Debug|Any CPU
		{7DBE55A7-A1D2-9513-0170-651BAE000EED}.Release|Any CPU.ActiveCfg = Release|Any CPU
		{7DBE55A7-A1D2-9513-0170-651BAE000EED}.Release|Any CPU.Build.0 = Release|Any CPU
		{AB2992D3-03FC-A810-F77B-3EA580E630E9}.Debug|Any CPU.ActiveCfg = Debug|Any CPU
		{AB2992D3-03FC-A810-F77B-3EA580E630E9}.Debug|Any CPU.Build.0 = Debug|Any CPU
		{AB2992D3-03FC-A810-F77B-3EA580E630E9}.Release|Any CPU.ActiveCfg = Release|Any CPU
		{AB2992D3-03FC-A810-F77B-3EA580E630E9}.Release|Any CPU.Build.0 = Release|Any CPU
		{5387045A-68C6-F0C7-8BF0-279C63B6487D}.Debug|Any CPU.ActiveCfg = Debug|Any CPU
		{5387045A-68C6-F0C7-8BF0-279C63B6487D}.Debug|Any CPU.Build.0 = Debug|Any CPU
		{5387045A-68C6-F0C7-8BF0-279C63B6487D}.Release|Any CPU.ActiveCfg = Release|Any CPU
		{5387045A-68C6-F0C7-8BF0-279C63B6487D}.Release|Any CPU.Build.0 = Release|Any CPU
		{BF12EAF1-4144-6185-F398-58C573DFF7A9}.Debug|Any CPU.ActiveCfg = Debug|Any CPU
		{BF12EAF1-4144-6185-F398-58C573DFF7A9}.Debug|Any CPU.Build.0 = Debug|Any CPU
		{BF12EAF1-4144-6185-F398-58C573DFF7A9}.Release|Any CPU.ActiveCfg = Release|Any CPU
		{BF12EAF1-4144-6185-F398-58C573DFF7A9}.Release|Any CPU.Build.0 = Release|Any CPU
		{741AB041-F696-0CA3-6F8E-15C827C11EC1}.Debug|Any CPU.ActiveCfg = Debug|Any CPU
		{741AB041-F696-0CA3-6F8E-15C827C11EC1}.Debug|Any CPU.Build.0 = Debug|Any CPU
		{741AB041-F696-0CA3-6F8E-15C827C11EC1}.Release|Any CPU.ActiveCfg = Release|Any CPU
		{741AB041-F696-0CA3-6F8E-15C827C11EC1}.Release|Any CPU.Build.0 = Release|Any CPU
		{F5287241-68E5-12B7-09FC-FA6F25BAB118}.Debug|Any CPU.ActiveCfg = Debug|Any CPU
		{F5287241-68E5-12B7-09FC-FA6F25BAB118}.Debug|Any CPU.Build.0 = Debug|Any CPU
		{F5287241-68E5-12B7-09FC-FA6F25BAB118}.Release|Any CPU.ActiveCfg = Release|Any CPU
		{F5287241-68E5-12B7-09FC-FA6F25BAB118}.Release|Any CPU.Build.0 = Release|Any CPU
		{11CB654D-B884-B0F1-EB21-C0BCA51CF16D}.Debug|Any CPU.ActiveCfg = Debug|Any CPU
		{11CB654D-B884-B0F1-EB21-C0BCA51CF16D}.Debug|Any CPU.Build.0 = Debug|Any CPU
		{11CB654D-B884-B0F1-EB21-C0BCA51CF16D}.Release|Any CPU.ActiveCfg = Release|Any CPU
		{11CB654D-B884-B0F1-EB21-C0BCA51CF16D}.Release|Any CPU.Build.0 = Release|Any CPU
		{6A72F97A-5838-EF09-EDFB-98E0220F681F}.Debug|Any CPU.ActiveCfg = Debug|Any CPU
		{6A72F97A-5838-EF09-EDFB-98E0220F681F}.Debug|Any CPU.Build.0 = Debug|Any CPU
		{6A72F97A-5838-EF09-EDFB-98E0220F681F}.Release|Any CPU.ActiveCfg = Release|Any CPU
		{6A72F97A-5838-EF09-EDFB-98E0220F681F}.Release|Any CPU.Build.0 = Release|Any CPU
		{B2240FBF-B915-0843-C86D-F5BD25856B09}.Debug|Any CPU.ActiveCfg = Debug|Any CPU
		{B2240FBF-B915-0843-C86D-F5BD25856B09}.Debug|Any CPU.Build.0 = Debug|Any CPU
		{B2240FBF-B915-0843-C86D-F5BD25856B09}.Release|Any CPU.ActiveCfg = Release|Any CPU
		{B2240FBF-B915-0843-C86D-F5BD25856B09}.Release|Any CPU.Build.0 = Release|Any CPU
	EndGlobalSection
	GlobalSection(SolutionProperties) = preSolution
		HideSolutionNode = FALSE
	EndGlobalSection
EndGlobal
